
Microsoft Visual Studio Solution File, Format Version 12.00
# Visual Studio Version 16
VisualStudioVersion = 16.0.28803.156
MinimumVisualStudioVersion = 10.0.40219.1
Project("{FAE04EC0-301F-11D3-BF4B-00C04F79EFBC}") = "Hostelnew", "Hostelnew\Hostelnew.csproj", "{C1051087-3E57-45FB-9BD4-4630C06D25E2}"
EndProject
Global
	GlobalSection(SolutionConfigurationPlatforms) = preSolution
		Debug|Any CPU = Debug|Any CPU
		Release|Any CPU = Release|Any CPU
	EndGlobalSection
	GlobalSection(ProjectConfigurationPlatforms) = postSolution
		{C1051087-3E57-45FB-9BD4-4630C06D25E2}.Debug|Any CPU.ActiveCfg = Debug|Any CPU
		{C1051087-3E57-45FB-9BD4-4630C06D25E2}.Debug|Any CPU.Build.0 = Debug|Any CPU
		{C1051087-3E57-45FB-9BD4-4630C06D25E2}.Release|Any CPU.ActiveCfg = Release|Any CPU
		{C1051087-3E57-45FB-9BD4-4630C06D25E2}.Release|Any CPU.Build.0 = Release|Any CPU
	EndGlobalSection
	GlobalSection(SolutionProperties) = preSolution
		HideSolutionNode = FALSE
	EndGlobalSection
	GlobalSection(ExtensibilityGlobals) = postSolution
		SolutionGuid = {8F057156-F69E-4E7B-AECB-58AF11143C4E}
	EndGlobalSection
EndGlobal
